name: lock-threads

on:
  # run daily
  schedule:
    - cron: '0 0 * * *'

  # allow manual trigger
  workflow_dispatch:

permissions:
  issues: write
  pull-requests: write

# Ensure only one lock action can run at a time
concurrency:
  group: lock

jobs:
  lock:
    runs-on: ubuntu-latest
    steps:
      - name: Harden the runner (Audit all outbound calls)
        uses: step-security/harden-runner@95d9a5deda9de15063e7595e9719c11c38c90ae2 # v2.13.2
        with:
          egress-policy: audit

      - uses: dessant/lock-threads@e460dfeb36e731f3aeb214be6b0c9a9d9a67eda6 # renovate: tag=v3.0.0
        if: github.repository == 'renovatebot/renovate'
        with:
          github-token: ${{ github.token }}
          issue-inactive-days: 30
          pr-inactive-days: 30
